// !$*UTF8*$!
{
	archiveVersion = 1;
	classes = {
	};
	objectVersion = 56;
	objects = {

/* Begin PBXBuildFile section */
		2CABE52C2B6CFF35009E8123 /* AppDelegate.swift in Sources */ = {isa = PBXBuildFile; fileRef = 2CABE52B2B6CFF35009E8123 /* AppDelegate.swift */; };
		2CABE52E2B6CFF35009E8123 /* SceneDelegate.swift in Sources */ = {isa = PBXBuildFile; fileRef = 2CABE52D2B6CFF35009E8123 /* SceneDelegate.swift */; };
		2CABE5352B6CFF35009E8123 /* Assets.xcassets in Resources */ = {isa = PBXBuildFile; fileRef = 2CABE5342B6CFF35009E8123 /* Assets.xcassets */; };
		2CABE5382B6CFF35009E8123 /* LaunchScreen.storyboard in Resources */ = {isa = PBXBuildFile; fileRef = 2CABE5362B6CFF35009E8123 /* LaunchScreen.storyboard */; };
		2CABE5462B6D0396009E8123 /* MainViewController.swift in Sources */ = {isa = PBXBuildFile; fileRef = 2CABE5442B6D0396009E8123 /* MainViewController.swift */; };
		2CABE5472B6D0396009E8123 /* MainViewController.xib in Resources */ = {isa = PBXBuildFile; fileRef = 2CABE5452B6D0396009E8123 /* MainViewController.xib */; };
		2CB4C67D2B70D15900FCE7F2 /* PokeAPI.swift in Sources */ = {isa = PBXBuildFile; fileRef = 2CB4C67C2B70D15900FCE7F2 /* PokeAPI.swift */; };
		2CB4C67F2B70D21700FCE7F2 /* MainViewModel.swift in Sources */ = {isa = PBXBuildFile; fileRef = 2CB4C67E2B70D21700FCE7F2 /* MainViewModel.swift */; };
		2CB4C6812B70D22100FCE7F2 /* MainViewWireframe.swift in Sources */ = {isa = PBXBuildFile; fileRef = 2CB4C6802B70D22100FCE7F2 /* MainViewWireframe.swift */; };
		2CB4C6852B70D29900FCE7F2 /* CustomTableViewCell.swift in Sources */ = {isa = PBXBuildFile; fileRef = 2CB4C6832B70D29900FCE7F2 /* CustomTableViewCell.swift */; };
		2CB4C6862B70D29900FCE7F2 /* CustomTableViewCell.xib in Resources */ = {isa = PBXBuildFile; fileRef = 2CB4C6842B70D29900FCE7F2 /* CustomTableViewCell.xib */; };
/* End PBXBuildFile section */

/* Begin PBXFileReference section */
		2CABE5282B6CFF35009E8123 /* PokeAPIConnector.app */ = {isa = PBXFileReference; explicitFileType = wrapper.application; includeInIndex = 0; path = PokeAPIConnector.app; sourceTree = BUILT_PRODUCTS_DIR; };
		2CABE52B2B6CFF35009E8123 /* AppDelegate.swift */ = {isa = PBXFileReference; lastKnownFileType = sourcecode.swift; path = AppDelegate.swift; sourceTree = "<group>"; };
		2CABE52D2B6CFF35009E8123 /* SceneDelegate.swift */ = {isa = PBXFileReference; lastKnownFileType = sourcecode.swift; path = SceneDelegate.swift; sourceTree = "<group>"; };
		2CABE5342B6CFF35009E8123 /* Assets.xcassets */ = {isa = PBXFileReference; lastKnownFileType = folder.assetcatalog; path = Assets.xcassets; sourceTree = "<group>"; };
		2CABE5372B6CFF35009E8123 /* Base */ = {isa = PBXFileReference; lastKnownFileType = file.storyboard; name = Base; path = Base.lproj/LaunchScreen.storyboard; sourceTree = "<group>"; };
		2CABE5392B6CFF35009E8123 /* Info.plist */ = {isa = PBXFileReference; lastKnownFileType = text.plist.xml; path = Info.plist; sourceTree = "<group>"; };
		2CABE5442B6D0396009E8123 /* MainViewController.swift */ = {isa = PBXFileReference; lastKnownFileType = sourcecode.swift; path = MainViewController.swift; sourceTree = "<group>"; };
		2CABE5452B6D0396009E8123 /* MainViewController.xib */ = {isa = PBXFileReference; lastKnownFileType = file.xib; path = MainViewController.xib; sourceTree = "<group>"; };
		2CB4C67C2B70D15900FCE7F2 /* PokeAPI.swift */ = {isa = PBXFileReference; lastKnownFileType = sourcecode.swift; path = PokeAPI.swift; sourceTree = "<group>"; };
		2CB4C67E2B70D21700FCE7F2 /* MainViewModel.swift */ = {isa = PBXFileReference; lastKnownFileType = sourcecode.swift; path = MainViewModel.swift; sourceTree = "<group>"; };
		2CB4C6802B70D22100FCE7F2 /* MainViewWireframe.swift */ = {isa = PBXFileReference; lastKnownFileType = sourcecode.swift; path = MainViewWireframe.swift; sourceTree = "<group>"; };
		2CB4C6832B70D29900FCE7F2 /* CustomTableViewCell.swift */ = {isa = PBXFileReference; lastKnownFileType = sourcecode.swift; path = CustomTableViewCell.swift; sourceTree = "<group>"; };
		2CB4C6842B70D29900FCE7F2 /* CustomTableViewCell.xib */ = {isa = PBXFileReference; lastKnownFileType = file.xib; path = CustomTableViewCell.xib; sourceTree = "<group>"; };
/* End PBXFileReference section */

/* Begin PBXFrameworksBuildPhase section */
		2CABE5252B6CFF35009E8123 /* Frameworks */ = {
			isa = PBXFrameworksBuildPhase;
			buildActionMask = 2147483647;
			files = (
			);
			runOnlyForDeploymentPostprocessing = 0;
		};
/* End PBXFrameworksBuildPhase section */

/* Begin PBXGroup section */
		2CABE51F2B6CFF35009E8123 = {
			isa = PBXGroup;
			children = (
				2CABE52A2B6CFF35009E8123 /* PokeAPIConnector */,
				2CABE5292B6CFF35009E8123 /* Products */,
			);
			sourceTree = "<group>";
		};
		2CABE5292B6CFF35009E8123 /* Products */ = {
			isa = PBXGroup;
			children = (
				2CABE5282B6CFF35009E8123 /* PokeAPIConnector.app */,
			);
			name = Products;
			sourceTree = "<group>";
		};
		2CABE52A2B6CFF35009E8123 /* PokeAPIConnector */ = {
			isa = PBXGroup;
			children = (
				2CABE53F2B6D0008009E8123 /* App */,
				2CABE5402B6D0013009E8123 /* Models */,
				2CB4C67B2B70D14600FCE7F2 /* Networking */,
				2CABE5412B6D0024009E8123 /* UI */,
				2CABE5342B6CFF35009E8123 /* Assets.xcassets */,
				2CABE5392B6CFF35009E8123 /* Info.plist */,
			);
			path = PokeAPIConnector;
			sourceTree = "<group>";
		};
		2CABE53F2B6D0008009E8123 /* App */ = {
			isa = PBXGroup;
			children = (
				2CABE52B2B6CFF35009E8123 /* AppDelegate.swift */,
				2CABE52D2B6CFF35009E8123 /* SceneDelegate.swift */,
			);
			path = App;
			sourceTree = "<group>";
		};
		2CABE5402B6D0013009E8123 /* Models */ = {
			isa = PBXGroup;
			children = (
			);
			path = Models;
			sourceTree = "<group>";
		};
		2CABE5412B6D0024009E8123 /* UI */ = {
			isa = PBXGroup;
			children = (
				2CABE5422B6D0067009E8123 /* LaunchScreen */,
				2CABE5432B6D037E009E8123 /* Main */,
			);
			path = UI;
			sourceTree = "<group>";
		};
		2CABE5422B6D0067009E8123 /* LaunchScreen */ = {
			isa = PBXGroup;
			children = (
				2CABE5362B6CFF35009E8123 /* LaunchScreen.storyboard */,
			);
			path = LaunchScreen;
			sourceTree = "<group>";
		};
		2CABE5432B6D037E009E8123 /* Main */ = {
			isa = PBXGroup;
			children = (
				2CB4C6822B70D28000FCE7F2 /* CustomTableViewCell */,
				2CABE5452B6D0396009E8123 /* MainViewController.xib */,
				2CABE5442B6D0396009E8123 /* MainViewController.swift */,
				2CB4C67E2B70D21700FCE7F2 /* MainViewModel.swift */,
				2CB4C6802B70D22100FCE7F2 /* MainViewWireframe.swift */,
			);
			path = Main;
			sourceTree = "<group>";
		};
		2CB4C67B2B70D14600FCE7F2 /* Networking */ = {
			isa = PBXGroup;
			children = (
				2CB4C67C2B70D15900FCE7F2 /* PokeAPI.swift */,
			);
			path = Networking;
			sourceTree = "<group>";
		};
		2CB4C6822B70D28000FCE7F2 /* CustomTableViewCell */ = {
			isa = PBXGroup;
			children = (
				2CB4C6832B70D29900FCE7F2 /* CustomTableViewCell.swift */,
				2CB4C6842B70D29900FCE7F2 /* CustomTableViewCell.xib */,
			);
			path = CustomTableViewCell;
			sourceTree = "<group>";
		};
/* End PBXGroup section */

/* Begin PBXNativeTarget section */
		2CABE5272B6CFF35009E8123 /* PokeAPIConnector */ = {
			isa = PBXNativeTarget;
			buildConfigurationList = 2CABE53C2B6CFF35009E8123 /* Build configuration list for PBXNativeTarget "PokeAPIConnector" */;
			buildPhases = (
				2CABE5242B6CFF35009E8123 /* Sources */,
				2CABE5252B6CFF35009E8123 /* Frameworks */,
				2CABE5262B6CFF35009E8123 /* Resources */,
			);
			buildRules = (
			);
			dependencies = (
			);
			name = PokeAPIConnector;
			productName = PokeAPIConnector;
			productReference = 2CABE5282B6CFF35009E8123 /* PokeAPIConnector.app */;
			productType = "com.apple.product-type.application";
		};
/* End PBXNativeTarget section */

/* Begin PBXProject section */
		2CABE5202B6CFF35009E8123 /* Project object */ = {
			isa = PBXProject;
			attributes = {
				BuildIndependentTargetsInParallel = 1;
				LastSwiftUpdateCheck = 1520;
				LastUpgradeCheck = 1520;
				TargetAttributes = {
					2CABE5272B6CFF35009E8123 = {
						CreatedOnToolsVersion = 15.2;
					};
				};
			};
			buildConfigurationList = 2CABE5232B6CFF35009E8123 /* Build configuration list for PBXProject "PokeAPIConnector" */;
			compatibilityVersion = "Xcode 14.0";
			developmentRegion = en;
			hasScannedForEncodings = 0;
			knownRegions = (
				en,
				Base,
			);
			mainGroup = 2CABE51F2B6CFF35009E8123;
			productRefGroup = 2CABE5292B6CFF35009E8123 /* Products */;
			projectDirPath = "";
			projectRoot = "";
			targets = (
				2CABE5272B6CFF35009E8123 /* PokeAPIConnector */,
			);
		};
/* End PBXProject section */

/* Begin PBXResourcesBuildPhase section */
		2CABE5262B6CFF35009E8123 /* Resources */ = {
			isa = PBXResourcesBuildPhase;
			buildActionMask = 2147483647;
			files = (
				2CABE5382B6CFF35009E8123 /* LaunchScreen.storyboard in Resources */,
				2CABE5472B6D0396009E8123 /* MainViewController.xib in Resources */,
				2CB4C6862B70D29900FCE7F2 /* CustomTableViewCell.xib in Resources */,
				2CABE5352B6CFF35009E8123 /* Assets.xcassets in Resources */,
			);
			runOnlyForDeploymentPostprocessing = 0;
		};
/* End PBXResourcesBuildPhase section */

/* Begin PBXSourcesBuildPhase section */
		2CABE5242B6CFF35009E8123 /* Sources */ = {
			isa = PBXSourcesBuildPhase;
			buildActionMask = 2147483647;
			files = (
				2CB4C67F2B70D21700FCE7F2 /* MainViewModel.swift in Sources */,
				2CABE5462B6D0396009E8123 /* MainViewController.swift in Sources */,
				2CB4C6812B70D22100FCE7F2 /* MainViewWireframe.swift in Sources */,
				2CB4C6852B70D29900FCE7F2 /* CustomTableViewCell.swift in Sources */,
				2CB4C67D2B70D15900FCE7F2 /* PokeAPI.swift in Sources */,
				2CABE52C2B6CFF35009E8123 /* AppDelegate.swift in Sources */,
				2CABE52E2B6CFF35009E8123 /* SceneDelegate.swift in Sources */,
			);
			runOnlyForDeploymentPostprocessing = 0;
		};
/* End PBXSourcesBuildPhase section */

/* Begin PBXVariantGroup section */
		2CABE5362B6CFF35009E8123 /* LaunchScreen.storyboard */ = {
			isa = PBXVariantGroup;
			children = (
				2CABE5372B6CFF35009E8123 /* Base */,
			);
			name = LaunchScreen.storyboard;
			sourceTree = "<group>";
		};
/* End PBXVariantGroup section */

/* Begin XCBuildConfiguration section */
		2CABE53A2B6CFF35009E8123 /* Debug */ = {
			isa = XCBuildConfiguration;
			buildSettings = {
				ALWAYS_SEARCH_USER_PATHS = NO;
				ASSETCATALOG_COMPILER_GENERATE_SWIFT_ASSET_SYMBOL_EXTENSIONS = YES;
				CLANG_ANALYZER_NONNULL = YES;
				CLANG_ANALYZER_NUMBER_OBJECT_CONVERSION = YES_AGGRESSIVE;
				CLANG_CXX_LANGUAGE_STANDARD = "gnu++20";
				CLANG_ENABLE_MODULES = YES;
				CLANG_ENABLE_OBJC_ARC = YES;
				CLANG_ENABLE_OBJC_WEAK = YES;
				CLANG_WARN_BLOCK_CAPTURE_AUTORELEASING = YES;
				CLANG_WARN_BOOL_CONVERSION = YES;
				CLANG_WARN_COMMA = YES;
				CLANG_WARN_CONSTANT_CONVERSION = YES;
				CLANG_WARN_DEPRECATED_OBJC_IMPLEMENTATIONS = YES;
				CLANG_WARN_DIRECT_OBJC_ISA_USAGE = YES_ERROR;
				CLANG_WARN_DOCUMENTATION_COMMENTS = YES;
				CLANG_WARN_EMPTY_BODY = YES;
				CLANG_WARN_ENUM_CONVERSION = YES;
				CLANG_WARN_INFINITE_RECURSION = YES;
				CLANG_WARN_INT_CONVERSION = YES;
				CLANG_WARN_NON_LITERAL_NULL_CONVERSION = YES;
				CLANG_WARN_OBJC_IMPLICIT_RETAIN_SELF = YES;
				CLANG_WARN_OBJC_LITERAL_CONVERSION = YES;
				CLANG_WARN_OBJC_ROOT_CLASS = YES_ERROR;
				CLANG_WARN_QUOTED_INCLUDE_IN_FRAMEWORK_HEADER = YES;
				CLANG_WARN_RANGE_LOOP_ANALYSIS = YES;
				CLANG_WARN_STRICT_PROTOTYPES = YES;
				CLANG_WARN_SUSPICIOUS_MOVE = YES;
				CLANG_WARN_UNGUARDED_AVAILABILITY = YES_AGGRESSIVE;
				CLANG_WARN_UNREACHABLE_CODE = YES;
				CLANG_WARN__DUPLICATE_METHOD_MATCH = YES;
				COPY_PHASE_STRIP = NO;
				DEBUG_INFORMATION_FORMAT = dwarf;
				ENABLE_STRICT_OBJC_MSGSEND = YES;
				ENABLE_TESTABILITY = YES;
				ENABLE_USER_SCRIPT_SANDBOXING = YES;
				GCC_C_LANGUAGE_STANDARD = gnu17;
				GCC_DYNAMIC_NO_PIC = NO;
				GCC_NO_COMMON_BLOCKS = YES;
				GCC_OPTIMIZATION_LEVEL = 0;
				GCC_PREPROCESSOR_DEFINITIONS = (
					"DEBUG=1",
					"$(inherited)",
				);
				GCC_WARN_64_TO_32_BIT_CONVERSION = YES;
				GCC_WARN_ABOUT_RETURN_TYPE = YES_ERROR;
				GCC_WARN_UNDECLARED_SELECTOR = YES;
				GCC_WARN_UNINITIALIZED_AUTOS = YES_AGGRESSIVE;
				GCC_WARN_UNUSED_FUNCTION = YES;
				GCC_WARN_UNUSED_VARIABLE = YES;
				IPHONEOS_DEPLOYMENT_TARGET = 17.2;
				LOCALIZATION_PREFERS_STRING_CATALOGS = YES;
				MTL_ENABLE_DEBUG_INFO = INCLUDE_SOURCE;
				MTL_FAST_MATH = YES;
				ONLY_ACTIVE_ARCH = YES;
				SDKROOT = iphoneos;
				SWIFT_ACTIVE_COMPILATION_CONDITIONS = "DEBUG $(inherited)";
				SWIFT_OPTIMIZATION_LEVEL = "-Onone";
			};
			name = Debug;
		};
		2CABE53B2B6CFF35009E8123 /* Release */ = {
			isa = XCBuildConfiguration;
			buildSettings = {
				ALWAYS_SEARCH_USER_PATHS = NO;
				ASSETCATALOG_COMPILER_GENERATE_SWIFT_ASSET_SYMBOL_EXTENSIONS = YES;
				CLANG_ANALYZER_NONNULL = YES;
				CLANG_ANALYZER_NUMBER_OBJECT_CONVERSION = YES_AGGRESSIVE;
				CLANG_CXX_LANGUAGE_STANDARD = "gnu++20";
				CLANG_ENABLE_MODULES = YES;
				CLANG_ENABLE_OBJC_ARC = YES;
				CLANG_ENABLE_OBJC_WEAK = YES;
				CLANG_WARN_BLOCK_CAPTURE_AUTORELEASING = YES;
				CLANG_WARN_BOOL_CONVERSION = YES;
				CLANG_WARN_COMMA = YES;
				CLANG_WARN_CONSTANT_CONVERSION = YES;
				CLANG_WARN_DEPRECATED_OBJC_IMPLEMENTATIONS = YES;
				CLANG_WARN_DIRECT_OBJC_ISA_USAGE = YES_ERROR;
				CLANG_WARN_DOCUMENTATION_COMMENTS = YES;
				CLANG_WARN_EMPTY_BODY = YES;
				CLANG_WARN_ENUM_CONVERSION = YES;
				CLANG_WARN_INFINITE_RECURSION = YES;
				CLANG_WARN_INT_CONVERSION = YES;
				CLANG_WARN_NON_LITERAL_NULL_CONVERSION = YES;
				CLANG_WARN_OBJC_IMPLICIT_RETAIN_SELF = YES;
				CLANG_WARN_OBJC_LITERAL_CONVERSION = YES;
				CLANG_WARN_OBJC_ROOT_CLASS = YES_ERROR;
				CLANG_WARN_QUOTED_INCLUDE_IN_FRAMEWORK_HEADER = YES;
				CLANG_WARN_RANGE_LOOP_ANALYSIS = YES;
				CLANG_WARN_STRICT_PROTOTYPES = YES;
				CLANG_WARN_SUSPICIOUS_MOVE = YES;
				CLANG_WARN_UNGUARDED_AVAILABILITY = YES_AGGRESSIVE;
				CLANG_WARN_UNREACHABLE_CODE = YES;
				CLANG_WARN__DUPLICATE_METHOD_MATCH = YES;
				COPY_PHASE_STRIP = NO;
				DEBUG_INFORMATION_FORMAT = "dwarf-with-dsym";
				ENABLE_NS_ASSERTIONS = NO;
				ENABLE_STRICT_OBJC_MSGSEND = YES;
				ENABLE_USER_SCRIPT_SANDBOXING = YES;
				GCC_C_LANGUAGE_STANDARD = gnu17;
				GCC_NO_COMMON_BLOCKS = YES;
				GCC_WARN_64_TO_32_BIT_CONVERSION = YES;
				GCC_WARN_ABOUT_RETURN_TYPE = YES_ERROR;
				GCC_WARN_UNDECLARED_SELECTOR = YES;
				GCC_WARN_UNINITIALIZED_AUTOS = YES_AGGRESSIVE;
				GCC_WARN_UNUSED_FUNCTION = YES;
				GCC_WARN_UNUSED_VARIABLE = YES;
				IPHONEOS_DEPLOYMENT_TARGET = 17.2;
				LOCALIZATION_PREFERS_STRING_CATALOGS = YES;
				MTL_ENABLE_DEBUG_INFO = NO;
				MTL_FAST_MATH = YES;
				SDKROOT = iphoneos;
				SWIFT_COMPILATION_MODE = wholemodule;
				VALIDATE_PRODUCT = YES;
			};
			name = Release;
		};
		2CABE53D2B6CFF35009E8123 /* Debug */ = {
			isa = XCBuildConfiguration;
			buildSettings = {
				ASSETCATALOG_COMPILER_APPICON_NAME = AppIcon;
				ASSETCATALOG_COMPILER_GLOBAL_ACCENT_COLOR_NAME = AccentColor;
				CODE_SIGN_STYLE = Automatic;
				CURRENT_PROJECT_VERSION = 1;
				GENERATE_INFOPLIST_FILE = YES;
				INFOPLIST_FILE = PokeAPIConnector/Info.plist;
				INFOPLIST_KEY_UIApplicationSupportsIndirectInputEvents = YES;
				INFOPLIST_KEY_UILaunchStoryboardName = LaunchScreen;
				INFOPLIST_KEY_UISupportedInterfaceOrientations_iPad = "UIInterfaceOrientationPortrait UIInterfaceOrientationPortraitUpsideDown UIInterfaceOrientationLandscapeLeft UIInterfaceOrientationLandscapeRight";
				INFOPLIST_KEY_UISupportedInterfaceOrientations_iPhone = "UIInterfaceOrientationPortrait UIInterfaceOrientationLandscapeLeft UIInterfaceOrientationLandscapeRight";
				LD_RUNPATH_SEARCH_PATHS = (
					"$(inherited)",
					"@executable_path/Frameworks",
				);
				MARKETING_VERSION = 1.0;
				PRODUCT_BUNDLE_IDENTIFIER = com.DanielCazorro.PokeAPIConnector;
				PRODUCT_NAME = "$(TARGET_NAME)";
				SWIFT_EMIT_LOC_STRINGS = YES;
				SWIFT_VERSION = 5.0;
				TARGETED_DEVICE_FAMILY = "1,2";
			};
			name = Debug;
		};
		2CABE53E2B6CFF35009E8123 /* Release */ = {
			isa = XCBuildConfiguration;
			buildSettings = {
				ASSETCATALOG_COMPILER_APPICON_NAME = AppIcon;
				ASSETCATALOG_COMPILER_GLOBAL_ACCENT_COLOR_NAME = AccentColor;
				CODE_SIGN_STYLE = Automatic;
				CURRENT_PROJECT_VERSION = 1;
				GENERATE_INFOPLIST_FILE = YES;
				INFOPLIST_FILE = PokeAPIConnector/Info.plist;
				INFOPLIST_KEY_UIApplicationSupportsIndirectInputEvents = YES;
				INFOPLIST_KEY_UILaunchStoryboardName = LaunchScreen;
				INFOPLIST_KEY_UISupportedInterfaceOrientations_iPad = "UIInterfaceOrientationPortrait UIInterfaceOrientationPortraitUpsideDown UIInterfaceOrientationLandscapeLeft UIInterfaceOrientationLandscapeRight";
				INFOPLIST_KEY_UISupportedInterfaceOrientations_iPhone = "UIInterfaceOrientationPortrait UIInterfaceOrientationLandscapeLeft UIInterfaceOrientationLandscapeRight";
				LD_RUNPATH_SEARCH_PATHS = (
					"$(inherited)",
					"@executable_path/Frameworks",
				);
				MARKETING_VERSION = 1.0;
				PRODUCT_BUNDLE_IDENTIFIER = com.DanielCazorro.PokeAPIConnector;
				PRODUCT_NAME = "$(TARGET_NAME)";
				SWIFT_EMIT_LOC_STRINGS = YES;
				SWIFT_VERSION = 5.0;
				TARGETED_DEVICE_FAMILY = "1,2";
			};
			name = Release;
		};
/* End XCBuildConfiguration section */

/* Begin XCConfigurationList section */
		2CABE5232B6CFF35009E8123 /* Build configuration list for PBXProject "PokeAPIConnector" */ = {
			isa = XCConfigurationList;
			buildConfigurations = (
				2CABE53A2B6CFF35009E8123 /* Debug */,
				2CABE53B2B6CFF35009E8123 /* Release */,
			);
			defaultConfigurationIsVisible = 0;
			defaultConfigurationName = Release;
		};
		2CABE53C2B6CFF35009E8123 /* Build configuration list for PBXNativeTarget "PokeAPIConnector" */ = {
			isa = XCConfigurationList;
			buildConfigurations = (
				2CABE53D2B6CFF35009E8123 /* Debug */,
				2CABE53E2B6CFF35009E8123 /* Release */,
			);
			defaultConfigurationIsVisible = 0;
			defaultConfigurationName = Release;
		};
/* End XCConfigurationList section */
	};
	rootObject = 2CABE5202B6CFF35009E8123 /* Project object */;
}
